// !$*UTF8*$!
{
	archiveVersion = 1;
	classes = {
	};
	objectVersion = 55;
	objects = {

/* Begin PBXBuildFile section */
		58D6E6EB28A44251001BD464 /* AppDelegate.swift in Sources */ = {isa = PBXBuildFile; fileRef = 58D6E6EA28A44251001BD464 /* AppDelegate.swift */; };
		58D6E6ED28A44251001BD464 /* SceneDelegate.swift in Sources */ = {isa = PBXBuildFile; fileRef = 58D6E6EC28A44251001BD464 /* SceneDelegate.swift */; };
		58D6E6F228A44251001BD464 /* Main.storyboard in Resources */ = {isa = PBXBuildFile; fileRef = 58D6E6F028A44251001BD464 /* Main.storyboard */; };
		58D6E6F428A44253001BD464 /* Assets.xcassets in Resources */ = {isa = PBXBuildFile; fileRef = 58D6E6F328A44253001BD464 /* Assets.xcassets */; };
		58D6E6F728A44253001BD464 /* LaunchScreen.storyboard in Resources */ = {isa = PBXBuildFile; fileRef = 58D6E6F528A44253001BD464 /* LaunchScreen.storyboard */; };
		58D6E6FF28A442D7001BD464 /* CountryModel.swift in Sources */ = {isa = PBXBuildFile; fileRef = 58D6E6FE28A442D7001BD464 /* CountryModel.swift */; };
		58D6E70E28A44D6D001BD464 /* CountryPresenter.swift in Sources */ = {isa = PBXBuildFile; fileRef = 58D6E70828A44D6D001BD464 /* CountryPresenter.swift */; };
		58D6E70F28A44D6D001BD464 /* CountryWorker.swift in Sources */ = {isa = PBXBuildFile; fileRef = 58D6E70928A44D6D001BD464 /* CountryWorker.swift */; };
		58D6E71028A44D6D001BD464 /* CountryRouter.swift in Sources */ = {isa = PBXBuildFile; fileRef = 58D6E70A28A44D6D001BD464 /* CountryRouter.swift */; };
		58D6E71128A44D6D001BD464 /* CountryModels.swift in Sources */ = {isa = PBXBuildFile; fileRef = 58D6E70B28A44D6D001BD464 /* CountryModels.swift */; };
		58D6E71228A44D6D001BD464 /* CountryViewController.swift in Sources */ = {isa = PBXBuildFile; fileRef = 58D6E70C28A44D6D001BD464 /* CountryViewController.swift */; };
		58D6E71328A44D6D001BD464 /* CountryInteractor.swift in Sources */ = {isa = PBXBuildFile; fileRef = 58D6E70D28A44D6D001BD464 /* CountryInteractor.swift */; };
		58D6E71628A44FED001BD464 /* CountryConfigurator.swift in Sources */ = {isa = PBXBuildFile; fileRef = 58D6E71528A44FED001BD464 /* CountryConfigurator.swift */; };
		58D6E71828A45B78001BD464 /* Fetcher.swift in Sources */ = {isa = PBXBuildFile; fileRef = 58D6E71728A45B78001BD464 /* Fetcher.swift */; };
		58D6E71A28A45C44001BD464 /* CountryUrlBuilder.swift in Sources */ = {isa = PBXBuildFile; fileRef = 58D6E71928A45C44001BD464 /* CountryUrlBuilder.swift */; };
		58D6E71D28A46553001BD464 /* CountryCell.swift in Sources */ = {isa = PBXBuildFile; fileRef = 58D6E71B28A46553001BD464 /* CountryCell.swift */; };
		58D6E71E28A46553001BD464 /* CountryCell.xib in Resources */ = {isa = PBXBuildFile; fileRef = 58D6E71C28A46553001BD464 /* CountryCell.xib */; };
		58D6E72028A4673B001BD464 /* CountryViewController+TableView.swift in Sources */ = {isa = PBXBuildFile; fileRef = 58D6E71F28A4673B001BD464 /* CountryViewController+TableView.swift */; };
		58D6E72228A46F13001BD464 /* CountryViewController+SearchBar.swift in Sources */ = {isa = PBXBuildFile; fileRef = 58D6E72128A46F13001BD464 /* CountryViewController+SearchBar.swift */; };
		58D6E72528A4719C001BD464 /* UITableView+Extension.swift in Sources */ = {isa = PBXBuildFile; fileRef = 58D6E72428A4719C001BD464 /* UITableView+Extension.swift */; };
		58D6E72D28A4F003001BD464 /* CountryDetailPresenter.swift in Sources */ = {isa = PBXBuildFile; fileRef = 58D6E72728A4F003001BD464 /* CountryDetailPresenter.swift */; };
		58D6E73028A4F003001BD464 /* CountryDetailModels.swift in Sources */ = {isa = PBXBuildFile; fileRef = 58D6E72A28A4F003001BD464 /* CountryDetailModels.swift */; };
		58D6E73128A4F003001BD464 /* CountryDetailViewController.swift in Sources */ = {isa = PBXBuildFile; fileRef = 58D6E72B28A4F003001BD464 /* CountryDetailViewController.swift */; };
		58D6E73228A4F003001BD464 /* CountryDetailInteractor.swift in Sources */ = {isa = PBXBuildFile; fileRef = 58D6E72C28A4F003001BD464 /* CountryDetailInteractor.swift */; };
		58D6E73528A4F03C001BD464 /* CountryDetailConfigurator.swift in Sources */ = {isa = PBXBuildFile; fileRef = 58D6E73428A4F03C001BD464 /* CountryDetailConfigurator.swift */; };
		58D6E73728A4F7B5001BD464 /* CountryDetailViewController.storyboard in Resources */ = {isa = PBXBuildFile; fileRef = 58D6E73628A4F7B5001BD464 /* CountryDetailViewController.storyboard */; };
		58D6E74028A515F7001BD464 /* SDWebImageSVGCoder in Frameworks */ = {isa = PBXBuildFile; productRef = 58D6E73F28A515F7001BD464 /* SDWebImageSVGCoder */; };
/* End PBXBuildFile section */

/* Begin PBXFileReference section */
		58D6E6E728A44251001BD464 /* S.Kh_Task_21.app */ = {isa = PBXFileReference; explicitFileType = wrapper.application; includeInIndex = 0; path = S.Kh_Task_21.app; sourceTree = BUILT_PRODUCTS_DIR; };
		58D6E6EA28A44251001BD464 /* AppDelegate.swift */ = {isa = PBXFileReference; lastKnownFileType = sourcecode.swift; path = AppDelegate.swift; sourceTree = "<group>"; };
		58D6E6EC28A44251001BD464 /* SceneDelegate.swift */ = {isa = PBXFileReference; lastKnownFileType = sourcecode.swift; path = SceneDelegate.swift; sourceTree = "<group>"; };
		58D6E6F128A44251001BD464 /* Base */ = {isa = PBXFileReference; lastKnownFileType = file.storyboard; name = Base; path = Base.lproj/Main.storyboard; sourceTree = "<group>"; };
		58D6E6F328A44253001BD464 /* Assets.xcassets */ = {isa = PBXFileReference; lastKnownFileType = folder.assetcatalog; path = Assets.xcassets; sourceTree = "<group>"; };
		58D6E6F628A44253001BD464 /* Base */ = {isa = PBXFileReference; lastKnownFileType = file.storyboard; name = Base; path = Base.lproj/LaunchScreen.storyboard; sourceTree = "<group>"; };
		58D6E6F828A44253001BD464 /* Info.plist */ = {isa = PBXFileReference; lastKnownFileType = text.plist.xml; path = Info.plist; sourceTree = "<group>"; };
		58D6E6FE28A442D7001BD464 /* CountryModel.swift */ = {isa = PBXFileReference; lastKnownFileType = sourcecode.swift; path = CountryModel.swift; sourceTree = "<group>"; };
		58D6E70828A44D6D001BD464 /* CountryPresenter.swift */ = {isa = PBXFileReference; lastKnownFileType = sourcecode.swift; path = CountryPresenter.swift; sourceTree = "<group>"; };
		58D6E70928A44D6D001BD464 /* CountryWorker.swift */ = {isa = PBXFileReference; lastKnownFileType = sourcecode.swift; path = CountryWorker.swift; sourceTree = "<group>"; };
		58D6E70A28A44D6D001BD464 /* CountryRouter.swift */ = {isa = PBXFileReference; lastKnownFileType = sourcecode.swift; path = CountryRouter.swift; sourceTree = "<group>"; };
		58D6E70B28A44D6D001BD464 /* CountryModels.swift */ = {isa = PBXFileReference; lastKnownFileType = sourcecode.swift; path = CountryModels.swift; sourceTree = "<group>"; };
		58D6E70C28A44D6D001BD464 /* CountryViewController.swift */ = {isa = PBXFileReference; lastKnownFileType = sourcecode.swift; path = CountryViewController.swift; sourceTree = "<group>"; };
		58D6E70D28A44D6D001BD464 /* CountryInteractor.swift */ = {isa = PBXFileReference; lastKnownFileType = sourcecode.swift; path = CountryInteractor.swift; sourceTree = "<group>"; };
		58D6E71528A44FED001BD464 /* CountryConfigurator.swift */ = {isa = PBXFileReference; lastKnownFileType = sourcecode.swift; path = CountryConfigurator.swift; sourceTree = "<group>"; };
		58D6E71728A45B78001BD464 /* Fetcher.swift */ = {isa = PBXFileReference; lastKnownFileType = sourcecode.swift; path = Fetcher.swift; sourceTree = "<group>"; };
		58D6E71928A45C44001BD464 /* CountryUrlBuilder.swift */ = {isa = PBXFileReference; lastKnownFileType = sourcecode.swift; path = CountryUrlBuilder.swift; sourceTree = "<group>"; };
		58D6E71B28A46553001BD464 /* CountryCell.swift */ = {isa = PBXFileReference; lastKnownFileType = sourcecode.swift; path = CountryCell.swift; sourceTree = "<group>"; };
		58D6E71C28A46553001BD464 /* CountryCell.xib */ = {isa = PBXFileReference; lastKnownFileType = file.xib; path = CountryCell.xib; sourceTree = "<group>"; };
		58D6E71F28A4673B001BD464 /* CountryViewController+TableView.swift */ = {isa = PBXFileReference; lastKnownFileType = sourcecode.swift; path = "CountryViewController+TableView.swift"; sourceTree = "<group>"; };
		58D6E72128A46F13001BD464 /* CountryViewController+SearchBar.swift */ = {isa = PBXFileReference; lastKnownFileType = sourcecode.swift; path = "CountryViewController+SearchBar.swift"; sourceTree = "<group>"; };
		58D6E72428A4719C001BD464 /* UITableView+Extension.swift */ = {isa = PBXFileReference; lastKnownFileType = sourcecode.swift; path = "UITableView+Extension.swift"; sourceTree = "<group>"; };
		58D6E72728A4F003001BD464 /* CountryDetailPresenter.swift */ = {isa = PBXFileReference; lastKnownFileType = sourcecode.swift; path = CountryDetailPresenter.swift; sourceTree = "<group>"; };
		58D6E72A28A4F003001BD464 /* CountryDetailModels.swift */ = {isa = PBXFileReference; lastKnownFileType = sourcecode.swift; path = CountryDetailModels.swift; sourceTree = "<group>"; };
		58D6E72B28A4F003001BD464 /* CountryDetailViewController.swift */ = {isa = PBXFileReference; lastKnownFileType = sourcecode.swift; path = CountryDetailViewController.swift; sourceTree = "<group>"; };
		58D6E72C28A4F003001BD464 /* CountryDetailInteractor.swift */ = {isa = PBXFileReference; lastKnownFileType = sourcecode.swift; path = CountryDetailInteractor.swift; sourceTree = "<group>"; };
		58D6E73428A4F03C001BD464 /* CountryDetailConfigurator.swift */ = {isa = PBXFileReference; lastKnownFileType = sourcecode.swift; path = CountryDetailConfigurator.swift; sourceTree = "<group>"; };
		58D6E73628A4F7B5001BD464 /* CountryDetailViewController.storyboard */ = {isa = PBXFileReference; lastKnownFileType = file.storyboard; path = CountryDetailViewController.storyboard; sourceTree = "<group>"; };
/* End PBXFileReference section */

/* Begin PBXFrameworksBuildPhase section */
		58D6E6E428A44251001BD464 /* Frameworks */ = {
			isa = PBXFrameworksBuildPhase;
			buildActionMask = 2147483647;
			files = (
				58D6E74028A515F7001BD464 /* SDWebImageSVGCoder in Frameworks */,
			);
			runOnlyForDeploymentPostprocessing = 0;
		};
/* End PBXFrameworksBuildPhase section */

/* Begin PBXGroup section */
		58D6E6DE28A44251001BD464 = {
			isa = PBXGroup;
			children = (
				58D6E6E928A44251001BD464 /* S.Kh_Task_21 */,
				58D6E6E828A44251001BD464 /* Products */,
			);
			sourceTree = "<group>";
		};
		58D6E6E828A44251001BD464 /* Products */ = {
			isa = PBXGroup;
			children = (
				58D6E6E728A44251001BD464 /* S.Kh_Task_21.app */,
			);
			name = Products;
			sourceTree = "<group>";
		};
		58D6E6E928A44251001BD464 /* S.Kh_Task_21 */ = {
			isa = PBXGroup;
			children = (
				58D6E70028A44C85001BD464 /* App */,
				58D6E72328A47173001BD464 /* Extensions */,
				58D6E70228A44CAA001BD464 /* Model */,
				58D6E70428A44CF9001BD464 /* UrlService */,
				58D6E71428A44DF9001BD464 /* Presentation */,
				58D6E70128A44C9A001BD464 /* Supporting Files */,
				58D6E6F828A44253001BD464 /* Info.plist */,
			);
			path = S.Kh_Task_21;
			sourceTree = "<group>";
		};
		58D6E70028A44C85001BD464 /* App */ = {
			isa = PBXGroup;
			children = (
				58D6E6EA28A44251001BD464 /* AppDelegate.swift */,
				58D6E6EC28A44251001BD464 /* SceneDelegate.swift */,
			);
			path = App;
			sourceTree = "<group>";
		};
		58D6E70128A44C9A001BD464 /* Supporting Files */ = {
			isa = PBXGroup;
			children = (
				58D6E6F328A44253001BD464 /* Assets.xcassets */,
				58D6E6F528A44253001BD464 /* LaunchScreen.storyboard */,
			);
			path = "Supporting Files";
			sourceTree = "<group>";
		};
		58D6E70228A44CAA001BD464 /* Model */ = {
			isa = PBXGroup;
			children = (
				58D6E6FE28A442D7001BD464 /* CountryModel.swift */,
			);
			path = Model;
			sourceTree = "<group>";
		};
		58D6E70328A44CE1001BD464 /* Scenes */ = {
			isa = PBXGroup;
			children = (
				58D6E70528A44D34001BD464 /* Countries */,
				58D6E72628A4EFE2001BD464 /* CountryDetails */,
			);
			path = Scenes;
			sourceTree = "<group>";
		};
		58D6E70428A44CF9001BD464 /* UrlService */ = {
			isa = PBXGroup;
			children = (
				58D6E71928A45C44001BD464 /* CountryUrlBuilder.swift */,
				58D6E71728A45B78001BD464 /* Fetcher.swift */,
			);
			path = UrlService;
			sourceTree = "<group>";
		};
		58D6E70528A44D34001BD464 /* Countries */ = {
			isa = PBXGroup;
			children = (
				58D6E70628A44D47001BD464 /* View */,
				58D6E71528A44FED001BD464 /* CountryConfigurator.swift */,
				58D6E70828A44D6D001BD464 /* CountryPresenter.swift */,
				58D6E70928A44D6D001BD464 /* CountryWorker.swift */,
				58D6E70A28A44D6D001BD464 /* CountryRouter.swift */,
				58D6E70B28A44D6D001BD464 /* CountryModels.swift */,
				58D6E70D28A44D6D001BD464 /* CountryInteractor.swift */,
			);
			path = Countries;
			sourceTree = "<group>";
		};
		58D6E70628A44D47001BD464 /* View */ = {
			isa = PBXGroup;
			children = (
				58D6E70728A44D57001BD464 /* Cell */,
				58D6E70C28A44D6D001BD464 /* CountryViewController.swift */,
				58D6E71F28A4673B001BD464 /* CountryViewController+TableView.swift */,
				58D6E72128A46F13001BD464 /* CountryViewController+SearchBar.swift */,
			);
			path = View;
			sourceTree = "<group>";
		};
		58D6E70728A44D57001BD464 /* Cell */ = {
			isa = PBXGroup;
			children = (
				58D6E71B28A46553001BD464 /* CountryCell.swift */,
				58D6E71C28A46553001BD464 /* CountryCell.xib */,
			);
			path = Cell;
			sourceTree = "<group>";
		};
		58D6E71428A44DF9001BD464 /* Presentation */ = {
			isa = PBXGroup;
			children = (
				58D6E6F028A44251001BD464 /* Main.storyboard */,
				58D6E70328A44CE1001BD464 /* Scenes */,
			);
			path = Presentation;
			sourceTree = "<group>";
		};
		58D6E72328A47173001BD464 /* Extensions */ = {
			isa = PBXGroup;
			children = (
				58D6E72428A4719C001BD464 /* UITableView+Extension.swift */,
			);
			path = Extensions;
			sourceTree = "<group>";
		};
		58D6E72628A4EFE2001BD464 /* CountryDetails */ = {
			isa = PBXGroup;
			children = (
				58D6E73328A4F008001BD464 /* View */,
				58D6E73428A4F03C001BD464 /* CountryDetailConfigurator.swift */,
				58D6E72728A4F003001BD464 /* CountryDetailPresenter.swift */,
				58D6E72A28A4F003001BD464 /* CountryDetailModels.swift */,
				58D6E72C28A4F003001BD464 /* CountryDetailInteractor.swift */,
			);
			path = CountryDetails;
			sourceTree = "<group>";
		};
		58D6E73328A4F008001BD464 /* View */ = {
			isa = PBXGroup;
			children = (
				58D6E73628A4F7B5001BD464 /* CountryDetailViewController.storyboard */,
				58D6E72B28A4F003001BD464 /* CountryDetailViewController.swift */,
			);
			path = View;
			sourceTree = "<group>";
		};
/* End PBXGroup section */

/* Begin PBXNativeTarget section */
		58D6E6E628A44251001BD464 /* S.Kh_Task_21 */ = {
			isa = PBXNativeTarget;
			buildConfigurationList = 58D6E6FB28A44253001BD464 /* Build configuration list for PBXNativeTarget "S.Kh_Task_21" */;
			buildPhases = (
				58D6E6E328A44251001BD464 /* Sources */,
				58D6E6E428A44251001BD464 /* Frameworks */,
				58D6E6E528A44251001BD464 /* Resources */,
			);
			buildRules = (
			);
			dependencies = (
			);
			name = S.Kh_Task_21;
			packageProductDependencies = (
				58D6E73F28A515F7001BD464 /* SDWebImageSVGCoder */,
			);
			productName = S.Kh_Task_21;
			productReference = 58D6E6E728A44251001BD464 /* S.Kh_Task_21.app */;
			productType = "com.apple.product-type.application";
		};
/* End PBXNativeTarget section */

/* Begin PBXProject section */
		58D6E6DF28A44251001BD464 /* Project object */ = {
			isa = PBXProject;
			attributes = {
				BuildIndependentTargetsInParallel = 1;
				LastSwiftUpdateCheck = 1340;
				LastUpgradeCheck = 1340;
				TargetAttributes = {
					58D6E6E628A44251001BD464 = {
						CreatedOnToolsVersion = 13.4.1;
					};
				};
			};
			buildConfigurationList = 58D6E6E228A44251001BD464 /* Build configuration list for PBXProject "S.Kh_Task_21" */;
			compatibilityVersion = "Xcode 13.0";
			developmentRegion = en;
			hasScannedForEncodings = 0;
			knownRegions = (
				en,
				Base,
			);
			mainGroup = 58D6E6DE28A44251001BD464;
			packageReferences = (
				58D6E73E28A515F7001BD464 /* XCRemoteSwiftPackageReference "SDWebImageSVGCoder" */,
			);
			productRefGroup = 58D6E6E828A44251001BD464 /* Products */;
			projectDirPath = "";
			projectRoot = "";
			targets = (
				58D6E6E628A44251001BD464 /* S.Kh_Task_21 */,
			);
		};
/* End PBXProject section */

/* Begin PBXResourcesBuildPhase section */
		58D6E6E528A44251001BD464 /* Resources */ = {
			isa = PBXResourcesBuildPhase;
			buildActionMask = 2147483647;
			files = (
				58D6E71E28A46553001BD464 /* CountryCell.xib in Resources */,
				58D6E6F728A44253001BD464 /* LaunchScreen.storyboard in Resources */,
				58D6E6F428A44253001BD464 /* Assets.xcassets in Resources */,
				58D6E6F228A44251001BD464 /* Main.storyboard in Resources */,
				58D6E73728A4F7B5001BD464 /* CountryDetailViewController.storyboard in Resources */,
			);
			runOnlyForDeploymentPostprocessing = 0;
		};
/* End PBXResourcesBuildPhase section */

/* Begin PBXSourcesBuildPhase section */
		58D6E6E328A44251001BD464 /* Sources */ = {
			isa = PBXSourcesBuildPhase;
			buildActionMask = 2147483647;
			files = (
				58D6E72228A46F13001BD464 /* CountryViewController+SearchBar.swift in Sources */,
				58D6E71228A44D6D001BD464 /* CountryViewController.swift in Sources */,
				58D6E73128A4F003001BD464 /* CountryDetailViewController.swift in Sources */,
				58D6E73028A4F003001BD464 /* CountryDetailModels.swift in Sources */,
				58D6E71828A45B78001BD464 /* Fetcher.swift in Sources */,
				58D6E73528A4F03C001BD464 /* CountryDetailConfigurator.swift in Sources */,
				58D6E70F28A44D6D001BD464 /* CountryWorker.swift in Sources */,
				58D6E73228A4F003001BD464 /* CountryDetailInteractor.swift in Sources */,
				58D6E6EB28A44251001BD464 /* AppDelegate.swift in Sources */,
				58D6E71A28A45C44001BD464 /* CountryUrlBuilder.swift in Sources */,
				58D6E72028A4673B001BD464 /* CountryViewController+TableView.swift in Sources */,
				58D6E6FF28A442D7001BD464 /* CountryModel.swift in Sources */,
				58D6E6ED28A44251001BD464 /* SceneDelegate.swift in Sources */,
				58D6E72D28A4F003001BD464 /* CountryDetailPresenter.swift in Sources */,
				58D6E71628A44FED001BD464 /* CountryConfigurator.swift in Sources */,
				58D6E70E28A44D6D001BD464 /* CountryPresenter.swift in Sources */,
				58D6E71128A44D6D001BD464 /* CountryModels.swift in Sources */,
				58D6E71028A44D6D001BD464 /* CountryRouter.swift in Sources */,
				58D6E71D28A46553001BD464 /* CountryCell.swift in Sources */,
				58D6E71328A44D6D001BD464 /* CountryInteractor.swift in Sources */,
				58D6E72528A4719C001BD464 /* UITableView+Extension.swift in Sources */,
			);
			runOnlyForDeploymentPostprocessing = 0;
		};
/* End PBXSourcesBuildPhase section */

/* Begin PBXVariantGroup section */
		58D6E6F028A44251001BD464 /* Main.storyboard */ = {
			isa = PBXVariantGroup;
			children = (
				58D6E6F128A44251001BD464 /* Base */,
			);
			name = Main.storyboard;
			sourceTree = "<group>";
		};
		58D6E6F528A44253001BD464 /* LaunchScreen.storyboard */ = {
			isa = PBXVariantGroup;
			children = (
				58D6E6F628A44253001BD464 /* Base */,
			);
			name = LaunchScreen.storyboard;
			sourceTree = "<group>";
		};
/* End PBXVariantGroup section */

/* Begin XCBuildConfiguration section */
		58D6E6F928A44253001BD464 /* Debug */ = {
			isa = XCBuildConfiguration;
			buildSettings = {
				ALWAYS_SEARCH_USER_PATHS = NO;
				CLANG_ANALYZER_NONNULL = YES;
				CLANG_ANALYZER_NUMBER_OBJECT_CONVERSION = YES_AGGRESSIVE;
				CLANG_CXX_LANGUAGE_STANDARD = "gnu++17";
				CLANG_ENABLE_MODULES = YES;
				CLANG_ENABLE_OBJC_ARC = YES;
				CLANG_ENABLE_OBJC_WEAK = YES;
				CLANG_WARN_BLOCK_CAPTURE_AUTORELEASING = YES;
				CLANG_WARN_BOOL_CONVERSION = YES;
				CLANG_WARN_COMMA = YES;
				CLANG_WARN_CONSTANT_CONVERSION = YES;
				CLANG_WARN_DEPRECATED_OBJC_IMPLEMENTATIONS = YES;
				CLANG_WARN_DIRECT_OBJC_ISA_USAGE = YES_ERROR;
				CLANG_WARN_DOCUMENTATION_COMMENTS = YES;
				CLANG_WARN_EMPTY_BODY = YES;
				CLANG_WARN_ENUM_CONVERSION = YES;
				CLANG_WARN_INFINITE_RECURSION = YES;
				CLANG_WARN_INT_CONVERSION = YES;
				CLANG_WARN_NON_LITERAL_NULL_CONVERSION = YES;
				CLANG_WARN_OBJC_IMPLICIT_RETAIN_SELF = YES;
				CLANG_WARN_OBJC_LITERAL_CONVERSION = YES;
				CLANG_WARN_OBJC_ROOT_CLASS = YES_ERROR;
				CLANG_WARN_QUOTED_INCLUDE_IN_FRAMEWORK_HEADER = YES;
				CLANG_WARN_RANGE_LOOP_ANALYSIS = YES;
				CLANG_WARN_STRICT_PROTOTYPES = YES;
				CLANG_WARN_SUSPICIOUS_MOVE = YES;
				CLANG_WARN_UNGUARDED_AVAILABILITY = YES_AGGRESSIVE;
				CLANG_WARN_UNREACHABLE_CODE = YES;
				CLANG_WARN__DUPLICATE_METHOD_MATCH = YES;
				COPY_PHASE_STRIP = NO;
				DEBUG_INFORMATION_FORMAT = dwarf;
				ENABLE_STRICT_OBJC_MSGSEND = YES;
				ENABLE_TESTABILITY = YES;
				GCC_C_LANGUAGE_STANDARD = gnu11;
				GCC_DYNAMIC_NO_PIC = NO;
				GCC_NO_COMMON_BLOCKS = YES;
				GCC_OPTIMIZATION_LEVEL = 0;
				GCC_PREPROCESSOR_DEFINITIONS = (
					"DEBUG=1",
					"$(inherited)",
				);
				GCC_WARN_64_TO_32_BIT_CONVERSION = YES;
				GCC_WARN_ABOUT_RETURN_TYPE = YES_ERROR;
				GCC_WARN_UNDECLARED_SELECTOR = YES;
				GCC_WARN_UNINITIALIZED_AUTOS = YES_AGGRESSIVE;
				GCC_WARN_UNUSED_FUNCTION = YES;
				GCC_WARN_UNUSED_VARIABLE = YES;
				IPHONEOS_DEPLOYMENT_TARGET = 15.5;
				MTL_ENABLE_DEBUG_INFO = INCLUDE_SOURCE;
				MTL_FAST_MATH = YES;
				ONLY_ACTIVE_ARCH = YES;
				SDKROOT = iphoneos;
				SWIFT_ACTIVE_COMPILATION_CONDITIONS = DEBUG;
				SWIFT_OPTIMIZATION_LEVEL = "-Onone";
			};
			name = Debug;
		};
		58D6E6FA28A44253001BD464 /* Release */ = {
			isa = XCBuildConfiguration;
			buildSettings = {
				ALWAYS_SEARCH_USER_PATHS = NO;
				CLANG_ANALYZER_NONNULL = YES;
				CLANG_ANALYZER_NUMBER_OBJECT_CONVERSION = YES_AGGRESSIVE;
				CLANG_CXX_LANGUAGE_STANDARD = "gnu++17";
				CLANG_ENABLE_MODULES = YES;
				CLANG_ENABLE_OBJC_ARC = YES;
				CLANG_ENABLE_OBJC_WEAK = YES;
				CLANG_WARN_BLOCK_CAPTURE_AUTORELEASING = YES;
				CLANG_WARN_BOOL_CONVERSION = YES;
				CLANG_WARN_COMMA = YES;
				CLANG_WARN_CONSTANT_CONVERSION = YES;
				CLANG_WARN_DEPRECATED_OBJC_IMPLEMENTATIONS = YES;
				CLANG_WARN_DIRECT_OBJC_ISA_USAGE = YES_ERROR;
				CLANG_WARN_DOCUMENTATION_COMMENTS = YES;
				CLANG_WARN_EMPTY_BODY = YES;
				CLANG_WARN_ENUM_CONVERSION = YES;
				CLANG_WARN_INFINITE_RECURSION = YES;
				CLANG_WARN_INT_CONVERSION = YES;
				CLANG_WARN_NON_LITERAL_NULL_CONVERSION = YES;
				CLANG_WARN_OBJC_IMPLICIT_RETAIN_SELF = YES;
				CLANG_WARN_OBJC_LITERAL_CONVERSION = YES;
				CLANG_WARN_OBJC_ROOT_CLASS = YES_ERROR;
				CLANG_WARN_QUOTED_INCLUDE_IN_FRAMEWORK_HEADER = YES;
				CLANG_WARN_RANGE_LOOP_ANALYSIS = YES;
				CLANG_WARN_STRICT_PROTOTYPES = YES;
				CLANG_WARN_SUSPICIOUS_MOVE = YES;
				CLANG_WARN_UNGUARDED_AVAILABILITY = YES_AGGRESSIVE;
				CLANG_WARN_UNREACHABLE_CODE = YES;
				CLANG_WARN__DUPLICATE_METHOD_MATCH = YES;
				COPY_PHASE_STRIP = NO;
				DEBUG_INFORMATION_FORMAT = "dwarf-with-dsym";
				ENABLE_NS_ASSERTIONS = NO;
				ENABLE_STRICT_OBJC_MSGSEND = YES;
				GCC_C_LANGUAGE_STANDARD = gnu11;
				GCC_NO_COMMON_BLOCKS = YES;
				GCC_WARN_64_TO_32_BIT_CONVERSION = YES;
				GCC_WARN_ABOUT_RETURN_TYPE = YES_ERROR;
				GCC_WARN_UNDECLARED_SELECTOR = YES;
				GCC_WARN_UNINITIALIZED_AUTOS = YES_AGGRESSIVE;
				GCC_WARN_UNUSED_FUNCTION = YES;
				GCC_WARN_UNUSED_VARIABLE = YES;
				IPHONEOS_DEPLOYMENT_TARGET = 15.5;
				MTL_ENABLE_DEBUG_INFO = NO;
				MTL_FAST_MATH = YES;
				SDKROOT = iphoneos;
				SWIFT_COMPILATION_MODE = wholemodule;
				SWIFT_OPTIMIZATION_LEVEL = "-O";
				VALIDATE_PRODUCT = YES;
			};
			name = Release;
		};
		58D6E6FC28A44253001BD464 /* Debug */ = {
			isa = XCBuildConfiguration;
			buildSettings = {
				ASSETCATALOG_COMPILER_APPICON_NAME = AppIcon;
				ASSETCATALOG_COMPILER_GLOBAL_ACCENT_COLOR_NAME = AccentColor;
				CODE_SIGN_STYLE = Automatic;
				CURRENT_PROJECT_VERSION = 1;
				DEVELOPMENT_TEAM = RNA58LVUWN;
				GENERATE_INFOPLIST_FILE = YES;
				INFOPLIST_FILE = S.Kh_Task_21/Info.plist;
				INFOPLIST_KEY_UIApplicationSupportsIndirectInputEvents = YES;
				INFOPLIST_KEY_UILaunchStoryboardName = LaunchScreen;
				INFOPLIST_KEY_UIMainStoryboardFile = Main;
				INFOPLIST_KEY_UISupportedInterfaceOrientations_iPad = "UIInterfaceOrientationPortrait UIInterfaceOrientationPortraitUpsideDown UIInterfaceOrientationLandscapeLeft UIInterfaceOrientationLandscapeRight";
				INFOPLIST_KEY_UISupportedInterfaceOrientations_iPhone = "UIInterfaceOrientationPortrait UIInterfaceOrientationLandscapeLeft UIInterfaceOrientationLandscapeRight";
				LD_RUNPATH_SEARCH_PATHS = (
					"$(inherited)",
					"@executable_path/Frameworks",
				);
				MARKETING_VERSION = 1.0;
				PRODUCT_BUNDLE_IDENTIFIER = "com.sabakhitaridze.S-Kh-Task-21";
				PRODUCT_NAME = "$(TARGET_NAME)";
				SWIFT_EMIT_LOC_STRINGS = YES;
				SWIFT_VERSION = 5.0;
				TARGETED_DEVICE_FAMILY = "1,2";
			};
			name = Debug;
		};
		58D6E6FD28A44253001BD464 /* Release */ = {
			isa = XCBuildConfiguration;
			buildSettings = {
				ASSETCATALOG_COMPILER_APPICON_NAME = AppIcon;
				ASSETCATALOG_COMPILER_GLOBAL_ACCENT_COLOR_NAME = AccentColor;
				CODE_SIGN_STYLE = Automatic;
				CURRENT_PROJECT_VERSION = 1;
				DEVELOPMENT_TEAM = RNA58LVUWN;
				GENERATE_INFOPLIST_FILE = YES;
				INFOPLIST_FILE = S.Kh_Task_21/Info.plist;
				INFOPLIST_KEY_UIApplicationSupportsIndirectInputEvents = YES;
				INFOPLIST_KEY_UILaunchStoryboardName = LaunchScreen;
				INFOPLIST_KEY_UIMainStoryboardFile = Main;
				INFOPLIST_KEY_UISupportedInterfaceOrientations_iPad = "UIInterfaceOrientationPortrait UIInterfaceOrientationPortraitUpsideDown UIInterfaceOrientationLandscapeLeft UIInterfaceOrientationLandscapeRight";
				INFOPLIST_KEY_UISupportedInterfaceOrientations_iPhone = "UIInterfaceOrientationPortrait UIInterfaceOrientationLandscapeLeft UIInterfaceOrientationLandscapeRight";
				LD_RUNPATH_SEARCH_PATHS = (
					"$(inherited)",
					"@executable_path/Frameworks",
				);
				MARKETING_VERSION = 1.0;
				PRODUCT_BUNDLE_IDENTIFIER = "com.sabakhitaridze.S-Kh-Task-21";
				PRODUCT_NAME = "$(TARGET_NAME)";
				SWIFT_EMIT_LOC_STRINGS = YES;
				SWIFT_VERSION = 5.0;
				TARGETED_DEVICE_FAMILY = "1,2";
			};
			name = Release;
		};
/* End XCBuildConfiguration section */

/* Begin XCConfigurationList section */
		58D6E6E228A44251001BD464 /* Build configuration list for PBXProject "S.Kh_Task_21" */ = {
			isa = XCConfigurationList;
			buildConfigurations = (
				58D6E6F928A44253001BD464 /* Debug */,
				58D6E6FA28A44253001BD464 /* Release */,
			);
			defaultConfigurationIsVisible = 0;
			defaultConfigurationName = Release;
		};
		58D6E6FB28A44253001BD464 /* Build configuration list for PBXNativeTarget "S.Kh_Task_21" */ = {
			isa = XCConfigurationList;
			buildConfigurations = (
				58D6E6FC28A44253001BD464 /* Debug */,
				58D6E6FD28A44253001BD464 /* Release */,
			);
			defaultConfigurationIsVisible = 0;
			defaultConfigurationName = Release;
		};
/* End XCConfigurationList section */

/* Begin XCRemoteSwiftPackageReference section */
		58D6E73E28A515F7001BD464 /* XCRemoteSwiftPackageReference "SDWebImageSVGCoder" */ = {
			isa = XCRemoteSwiftPackageReference;
			repositoryURL = "https://github.com/SDWebImage/SDWebImageSVGCoder";
			requirement = {
				branch = master;
				kind = branch;
			};
		};
/* End XCRemoteSwiftPackageReference section */

/* Begin XCSwiftPackageProductDependency section */
		58D6E73F28A515F7001BD464 /* SDWebImageSVGCoder */ = {
			isa = XCSwiftPackageProductDependency;
			package = 58D6E73E28A515F7001BD464 /* XCRemoteSwiftPackageReference "SDWebImageSVGCoder" */;
			productName = SDWebImageSVGCoder;
		};
/* End XCSwiftPackageProductDependency section */
	};
	rootObject = 58D6E6DF28A44251001BD464 /* Project object */;
}
